{
  "version": 4,
  "terraform_version": "0.12.20",
  "serial": 80,
  "lineage": "2db804e5-522e-d272-720f-aeedd82b7062",
  "outputs": {},
  "resources": [
    {
      "mode": "data",
      "type": "google_client_config",
      "name": "default",
      "provider": "provider.google",
      "instances": [
        {
          "schema_version": 0,
          "attributes": {
            "access_token": "ya29.c.KpYBvwcXskNOWzSKUx-lISIYySM3iXClw5fbKe3JtUG05rldbe7rbvYh9A6FDDHne_RRqfCfO3WJH-o16bjPCOZdXJJB0Y0RNxnuYd31v8vgB4TLna8ro9oDdnpVOZFx8XxtwgQ-_C7bedVDYYmeVWl2pDRO-xZMPRizxhOFQfQUcsiQ0OoLVbEicXT6Jo6QyuBErfWyBHA4",
            "id": "2020-02-20 08:37:10.308644437 +0000 UTC",
            "project": "bachelor-2020",
            "region": "europe-west1",
            "zone": ""
          }
        }
      ]
    },
    {
      "module": "module.kubernetes-engine",
      "mode": "data",
      "type": "google_client_config",
      "name": "default",
      "provider": "provider.google",
      "instances": [
        {
          "schema_version": 0,
          "attributes": {
            "access_token": "ya29.c.KpYBvwcXskNOWzSKUx-lISIYySM3iXClw5fbKe3JtUG05rldbe7rbvYh9A6FDDHne_RRqfCfO3WJH-o16bjPCOZdXJJB0Y0RNxnuYd31v8vgB4TLna8ro9oDdnpVOZFx8XxtwgQ-_C7bedVDYYmeVWl2pDRO-xZMPRizxhOFQfQUcsiQ0OoLVbEicXT6Jo6QyuBErfWyBHA4",
            "id": "2020-02-20 08:37:10.307576096 +0000 UTC",
            "project": "bachelor-2020",
            "region": "europe-west1",
            "zone": ""
          }
        }
      ]
    },
    {
      "module": "module.kubernetes-engine",
      "mode": "data",
      "type": "google_compute_network",
      "name": "gke_network",
      "provider": "provider.google",
      "instances": [
        {
          "schema_version": 0,
          "attributes": {
            "description": "",
            "gateway_ipv4": "",
            "id": "projects/bachelor-2020/global/networks/vpc-network",
            "name": "vpc-network",
            "project": "bachelor-2020",
            "self_link": "https://www.googleapis.com/compute/v1/projects/bachelor-2020/global/networks/vpc-network",
            "subnetworks_self_links": [
              "https://www.googleapis.com/compute/v1/projects/bachelor-2020/regions/europe-west1/subnetworks/sub-02"
            ]
          }
        }
      ]
    },
    {
      "module": "module.kubernetes-engine",
      "mode": "data",
      "type": "google_compute_subnetwork",
      "name": "gke_subnetwork",
      "provider": "provider.google",
      "instances": [
        {
          "schema_version": 0,
          "attributes": {
            "description": "",
            "gateway_address": "10.10.10.1",
            "id": "projects/bachelor-2020/regions/europe-west1/subnetworks/sub-02",
            "ip_cidr_range": "10.10.10.0/24",
            "name": "sub-02",
            "network": "https://www.googleapis.com/compute/v1/projects/bachelor-2020/global/networks/vpc-network",
            "private_ip_google_access": false,
            "project": "bachelor-2020",
            "region": "europe-west1",
            "secondary_ip_range": [
              {
                "ip_cidr_range": "10.10.11.0/24",
                "range_name": "sub-02-secondary-01-pods"
              },
              {
                "ip_cidr_range": "10.10.12.0/24",
                "range_name": "sub-02-secondary-02-services"
              }
            ],
            "self_link": "https://www.googleapis.com/compute/v1/projects/bachelor-2020/regions/europe-west1/subnetworks/sub-02"
          }
        }
      ]
    },
    {
      "module": "module.kubernetes-engine",
      "mode": "data",
      "type": "google_compute_zones",
      "name": "available",
      "provider": "provider.google",
      "instances": [
        {
          "schema_version": 0,
          "attributes": {
            "id": "2020-02-20 08:37:11.130807589 +0000 UTC",
            "names": [
              "europe-west1-b",
              "europe-west1-c",
              "europe-west1-d"
            ],
            "project": "bachelor-2020",
            "region": "europe-west1",
            "status": null
          }
        }
      ]
    },
    {
      "module": "module.kubernetes-engine",
      "mode": "data",
      "type": "google_container_engine_versions",
      "name": "region",
      "provider": "provider.google",
      "instances": [
        {
          "schema_version": 0,
          "attributes": {
            "default_cluster_version": "1.14.10-gke.17",
            "id": "2020-02-20 08:37:11.080072214 +0000 UTC",
            "latest_master_version": "1.15.9-gke.8",
            "latest_node_version": "1.15.9-gke.8",
            "location": "europe-west1",
            "project": "bachelor-2020",
            "region": null,
            "valid_master_versions": [
              "1.15.9-gke.8",
              "1.15.8-gke.3",
              "1.15.8-gke.2",
              "1.15.7-gke.23",
              "1.14.10-gke.22",
              "1.14.10-gke.21",
              "1.14.10-gke.17",
              "1.14.9-gke.23",
              "1.14.8-gke.33",
              "1.13.12-gke.25"
            ],
            "valid_node_versions": [
              "1.15.9-gke.8",
              "1.15.8-gke.3",
              "1.15.8-gke.2",
              "1.15.7-gke.23",
              "1.15.7-gke.2",
              "1.15.4-gke.22",
              "1.14.10-gke.22",
              "1.14.10-gke.21",
              "1.14.10-gke.17",
              "1.14.10-gke.0",
              "1.14.9-gke.23",
              "1.14.9-gke.2",
              "1.14.9-gke.0",
              "1.14.8-gke.33",
              "1.14.8-gke.21",
              "1.14.8-gke.18",
              "1.14.8-gke.17",
              "1.14.8-gke.14",
              "1.14.8-gke.12",
              "1.14.8-gke.7",
              "1.14.8-gke.2",
              "1.14.7-gke.40",
              "1.14.7-gke.25",
              "1.14.7-gke.23",
              "1.14.7-gke.17",
              "1.14.7-gke.14",
              "1.14.7-gke.10",
              "1.14.6-gke.13",
              "1.14.6-gke.2",
              "1.14.6-gke.1",
              "1.14.3-gke.11",
              "1.14.3-gke.10",
              "1.14.3-gke.9",
              "1.14.2-gke.9",
              "1.14.1-gke.5",
              "1.13.12-gke.25",
              "1.13.12-gke.17",
              "1.13.12-gke.16",
              "1.13.12-gke.14",
              "1.13.12-gke.13",
              "1.13.12-gke.10",
              "1.13.12-gke.8",
              "1.13.12-gke.4",
              "1.13.12-gke.2",
              "1.13.11-gke.23",
              "1.13.11-gke.15",
              "1.13.11-gke.14",
              "1.13.11-gke.12",
              "1.13.11-gke.11",
              "1.13.11-gke.9",
              "1.13.11-gke.5",
              "1.13.10-gke.7",
              "1.13.10-gke.0",
              "1.13.9-gke.11",
              "1.13.9-gke.3",
              "1.13.7-gke.24",
              "1.13.7-gke.19",
              "1.13.7-gke.15",
              "1.13.7-gke.8",
              "1.13.7-gke.0",
              "1.13.6-gke.13",
              "1.13.6-gke.6",
              "1.13.6-gke.5",
              "1.13.6-gke.0",
              "1.13.5-gke.10",
              "1.12.10-gke.22",
              "1.12.10-gke.20",
              "1.12.10-gke.19",
              "1.12.10-gke.18",
              "1.12.10-gke.17",
              "1.12.10-gke.15",
              "1.12.10-gke.13",
              "1.12.10-gke.11",
              "1.12.10-gke.5",
              "1.12.9-gke.16",
              "1.12.9-gke.15",
              "1.12.9-gke.13",
              "1.12.9-gke.10",
              "1.12.9-gke.7",
              "1.12.9-gke.3",
              "1.12.8-gke.12",
              "1.12.8-gke.10",
              "1.12.8-gke.7",
              "1.12.8-gke.6",
              "1.12.7-gke.26",
              "1.12.7-gke.25",
              "1.12.7-gke.24",
              "1.12.7-gke.22",
              "1.12.7-gke.21",
              "1.12.7-gke.17",
              "1.12.7-gke.10",
              "1.12.7-gke.7",
              "1.12.6-gke.11",
              "1.12.6-gke.10",
              "1.12.6-gke.7",
              "1.12.5-gke.10",
              "1.12.5-gke.5",
              "1.11.10-gke.6",
              "1.11.10-gke.5",
              "1.11.10-gke.4",
              "1.11.9-gke.13",
              "1.11.9-gke.8",
              "1.11.9-gke.5",
              "1.11.8-gke.10",
              "1.11.8-gke.6",
              "1.11.8-gke.5",
              "1.11.8-gke.4",
              "1.11.7-gke.18",
              "1.11.7-gke.12",
              "1.11.7-gke.6",
              "1.11.7-gke.4",
              "1.11.6-gke.16",
              "1.11.6-gke.11",
              "1.11.6-gke.6",
              "1.11.6-gke.3",
              "1.11.6-gke.2",
              "1.11.6-gke.0",
              "1.11.5-gke.5",
              "1.11.5-gke.4",
              "1.11.4-gke.13",
              "1.11.4-gke.12",
              "1.11.4-gke.8",
              "1.11.3-gke.24",
              "1.11.3-gke.23",
              "1.11.3-gke.18",
              "1.11.2-gke.26",
              "1.11.2-gke.25",
              "1.11.2-gke.20",
              "1.11.2-gke.18",
              "1.11.2-gke.15",
              "1.11.2-gke.9",
              "1.10.12-gke.14",
              "1.10.12-gke.9",
              "1.10.12-gke.7",
              "1.10.12-gke.1",
              "1.10.12-gke.0",
              "1.10.11-gke.1",
              "1.10.9-gke.7",
              "1.10.9-gke.5",
              "1.10.9-gke.3",
              "1.10.9-gke.0",
              "1.10.7-gke.13",
              "1.10.7-gke.11",
              "1.10.7-gke.9",
              "1.10.7-gke.6",
              "1.10.7-gke.2",
              "1.10.7-gke.1",
              "1.10.6-gke.13",
              "1.10.6-gke.11",
              "1.10.6-gke.9",
              "1.10.6-gke.6",
              "1.10.6-gke.4",
              "1.10.6-gke.3",
              "1.10.6-gke.2",
              "1.10.6-gke.1",
              "1.10.5-gke.4",
              "1.10.5-gke.3",
              "1.10.5-gke.2",
              "1.10.5-gke.0",
              "1.10.4-gke.3",
              "1.10.4-gke.2",
              "1.10.4-gke.0",
              "1.10.2-gke.4",
              "1.10.2-gke.3",
              "1.10.2-gke.1",
              "1.9.7-gke.11",
              "1.9.7-gke.7",
              "1.9.7-gke.6",
              "1.9.7-gke.5",
              "1.9.7-gke.4",
              "1.9.7-gke.3",
              "1.9.7-gke.1",
              "1.9.7-gke.0",
              "1.9.6-gke.2",
              "1.9.6-gke.1",
              "1.9.3-gke.0",
              "1.8.12-gke.3",
              "1.8.12-gke.2",
              "1.8.12-gke.1",
              "1.8.12-gke.0",
              "1.8.10-gke.2",
              "1.8.10-gke.0",
              "1.8.9-gke.1",
              "1.8.8-gke.0",
              "1.7.15-gke.0",
              "1.7.12-gke.2",
              "1.6.13-gke.1"
            ],
            "version_prefix": null,
            "zone": null
          }
        }
      ]
    },
    {
      "module": "module.kubernetes-engine",
      "mode": "data",
      "type": "google_container_engine_versions",
      "name": "zone",
      "provider": "provider.google",
      "instances": [
        {
          "schema_version": 0,
          "attributes": {
            "default_cluster_version": "1.14.10-gke.17",
            "id": "2020-02-20 08:37:11.281075278 +0000 UTC",
            "latest_master_version": "1.15.9-gke.8",
            "latest_node_version": "1.15.9-gke.8",
            "location": "europe-west1-b",
            "project": "bachelor-2020",
            "region": null,
            "valid_master_versions": [
              "1.15.9-gke.8",
              "1.15.8-gke.3",
              "1.15.8-gke.2",
              "1.15.7-gke.23",
              "1.14.10-gke.22",
              "1.14.10-gke.21",
              "1.14.10-gke.17",
              "1.14.9-gke.23",
              "1.14.8-gke.33",
              "1.13.12-gke.25"
            ],
            "valid_node_versions": [
              "1.15.9-gke.8",
              "1.15.8-gke.3",
              "1.15.8-gke.2",
              "1.15.7-gke.23",
              "1.15.7-gke.2",
              "1.15.4-gke.22",
              "1.14.10-gke.22",
              "1.14.10-gke.21",
              "1.14.10-gke.17",
              "1.14.10-gke.0",
              "1.14.9-gke.23",
              "1.14.9-gke.2",
              "1.14.9-gke.0",
              "1.14.8-gke.33",
              "1.14.8-gke.21",
              "1.14.8-gke.18",
              "1.14.8-gke.17",
              "1.14.8-gke.14",
              "1.14.8-gke.12",
              "1.14.8-gke.7",
              "1.14.8-gke.2",
              "1.14.7-gke.40",
              "1.14.7-gke.25",
              "1.14.7-gke.23",
              "1.14.7-gke.17",
              "1.14.7-gke.14",
              "1.14.7-gke.10",
              "1.14.6-gke.13",
              "1.14.6-gke.2",
              "1.14.6-gke.1",
              "1.14.3-gke.11",
              "1.14.3-gke.10",
              "1.14.3-gke.9",
              "1.14.2-gke.9",
              "1.14.1-gke.5",
              "1.13.12-gke.25",
              "1.13.12-gke.17",
              "1.13.12-gke.16",
              "1.13.12-gke.14",
              "1.13.12-gke.13",
              "1.13.12-gke.10",
              "1.13.12-gke.8",
              "1.13.12-gke.4",
              "1.13.12-gke.2",
              "1.13.11-gke.23",
              "1.13.11-gke.15",
              "1.13.11-gke.14",
              "1.13.11-gke.12",
              "1.13.11-gke.11",
              "1.13.11-gke.9",
              "1.13.11-gke.5",
              "1.13.10-gke.7",
              "1.13.10-gke.0",
              "1.13.9-gke.11",
              "1.13.9-gke.3",
              "1.13.7-gke.24",
              "1.13.7-gke.19",
              "1.13.7-gke.15",
              "1.13.7-gke.8",
              "1.13.7-gke.0",
              "1.13.6-gke.13",
              "1.13.6-gke.6",
              "1.13.6-gke.5",
              "1.13.6-gke.0",
              "1.13.5-gke.10",
              "1.12.10-gke.22",
              "1.12.10-gke.20",
              "1.12.10-gke.19",
              "1.12.10-gke.18",
              "1.12.10-gke.17",
              "1.12.10-gke.15",
              "1.12.10-gke.13",
              "1.12.10-gke.11",
              "1.12.10-gke.5",
              "1.12.9-gke.16",
              "1.12.9-gke.15",
              "1.12.9-gke.13",
              "1.12.9-gke.10",
              "1.12.9-gke.7",
              "1.12.9-gke.3",
              "1.12.8-gke.12",
              "1.12.8-gke.10",
              "1.12.8-gke.7",
              "1.12.8-gke.6",
              "1.12.7-gke.26",
              "1.12.7-gke.25",
              "1.12.7-gke.24",
              "1.12.7-gke.22",
              "1.12.7-gke.21",
              "1.12.7-gke.17",
              "1.12.7-gke.10",
              "1.12.7-gke.7",
              "1.12.6-gke.11",
              "1.12.6-gke.10",
              "1.12.6-gke.7",
              "1.12.5-gke.10",
              "1.12.5-gke.5",
              "1.11.10-gke.6",
              "1.11.10-gke.5",
              "1.11.10-gke.4",
              "1.11.9-gke.13",
              "1.11.9-gke.8",
              "1.11.9-gke.5",
              "1.11.8-gke.10",
              "1.11.8-gke.6",
              "1.11.8-gke.5",
              "1.11.8-gke.4",
              "1.11.7-gke.18",
              "1.11.7-gke.12",
              "1.11.7-gke.6",
              "1.11.7-gke.4",
              "1.11.6-gke.16",
              "1.11.6-gke.11",
              "1.11.6-gke.6",
              "1.11.6-gke.3",
              "1.11.6-gke.2",
              "1.11.6-gke.0",
              "1.11.5-gke.5",
              "1.11.5-gke.4",
              "1.11.4-gke.13",
              "1.11.4-gke.12",
              "1.11.4-gke.8",
              "1.11.3-gke.24",
              "1.11.3-gke.23",
              "1.11.3-gke.18",
              "1.11.2-gke.26",
              "1.11.2-gke.25",
              "1.11.2-gke.20",
              "1.11.2-gke.18",
              "1.11.2-gke.15",
              "1.11.2-gke.9",
              "1.10.12-gke.14",
              "1.10.12-gke.9",
              "1.10.12-gke.7",
              "1.10.12-gke.1",
              "1.10.12-gke.0",
              "1.10.11-gke.1",
              "1.10.9-gke.7",
              "1.10.9-gke.5",
              "1.10.9-gke.3",
              "1.10.9-gke.0",
              "1.10.7-gke.13",
              "1.10.7-gke.11",
              "1.10.7-gke.9",
              "1.10.7-gke.6",
              "1.10.7-gke.2",
              "1.10.7-gke.1",
              "1.10.6-gke.13",
              "1.10.6-gke.11",
              "1.10.6-gke.9",
              "1.10.6-gke.6",
              "1.10.6-gke.4",
              "1.10.6-gke.3",
              "1.10.6-gke.2",
              "1.10.6-gke.1",
              "1.10.5-gke.4",
              "1.10.5-gke.3",
              "1.10.5-gke.2",
              "1.10.5-gke.0",
              "1.10.4-gke.3",
              "1.10.4-gke.2",
              "1.10.4-gke.0",
              "1.10.2-gke.4",
              "1.10.2-gke.3",
              "1.10.2-gke.1",
              "1.9.7-gke.11",
              "1.9.7-gke.7",
              "1.9.7-gke.6",
              "1.9.7-gke.5",
              "1.9.7-gke.4",
              "1.9.7-gke.3",
              "1.9.7-gke.1",
              "1.9.7-gke.0",
              "1.9.6-gke.2",
              "1.9.6-gke.1",
              "1.9.3-gke.0",
              "1.8.12-gke.3",
              "1.8.12-gke.2",
              "1.8.12-gke.1",
              "1.8.12-gke.0",
              "1.8.10-gke.2",
              "1.8.10-gke.0",
              "1.8.9-gke.1",
              "1.8.8-gke.0",
              "1.7.15-gke.0",
              "1.7.12-gke.2",
              "1.6.13-gke.1"
            ],
            "version_prefix": null,
            "zone": null
          }
        }
      ]
    },
    {
      "module": "module.service_accounts",
      "mode": "data",
      "type": "template_file",
      "name": "keys",
      "each": "list",
      "provider": "provider.template",
      "instances": [
        {
          "index_key": 0,
          "schema_version": 0,
          "attributes": {
            "filename": null,
            "id": "e3b0c44298fc1c149afbf4c8996fb92427ae41e4649b934ca495991b7852b855",
            "rendered": "",
            "template": "${key}",
            "vars": {
              "key": ""
            }
          }
        }
      ]
    },
    {
      "module": "module.service_accounts",
      "mode": "managed",
      "type": "google_billing_account_iam_member",
      "name": "billing_user",
      "each": "list",
      "provider": "provider.google",
      "instances": []
    },
    {
      "module": "module.vpc.module.vpc",
      "mode": "managed",
      "type": "google_compute_network",
      "name": "network",
      "provider": "provider.google",
      "instances": [
        {
          "schema_version": 0,
          "attributes": {
            "auto_create_subnetworks": false,
            "delete_default_routes_on_create": false,
            "description": "",
            "gateway_ipv4": "",
            "id": "projects/bachelor-2020/global/networks/vpc-network",
            "ipv4_range": null,
            "name": "vpc-network",
            "project": "bachelor-2020",
            "routing_mode": "GLOBAL",
            "self_link": "https://www.googleapis.com/compute/v1/projects/bachelor-2020/global/networks/vpc-network",
            "timeouts": null
          },
          "private": "eyJlMmJmYjczMC1lY2FhLTExZTYtOGY4OC0zNDM2M2JjN2M0YzAiOnsiY3JlYXRlIjoyNDAwMDAwMDAwMDAsImRlbGV0ZSI6MjQwMDAwMDAwMDAwLCJ1cGRhdGUiOjI0MDAwMDAwMDAwMH19"
        }
      ]
    },
    {
      "module": "module.vpc.module.routes",
      "mode": "managed",
      "type": "google_compute_route",
      "name": "route",
      "each": "map",
      "provider": "provider.google",
      "instances": []
    },
    {
      "module": "module.vpc.module.vpc",
      "mode": "managed",
      "type": "google_compute_shared_vpc_host_project",
      "name": "shared_vpc_host",
      "each": "list",
      "provider": "provider.google",
      "instances": []
    },
    {
      "module": "module.vpc.module.subnets",
      "mode": "managed",
      "type": "google_compute_subnetwork",
      "name": "subnetwork",
      "each": "map",
      "provider": "provider.google",
      "instances": [
        {
          "index_key": "europe-west1/sub-02",
          "schema_version": 0,
          "attributes": {
            "creation_timestamp": "2020-02-20T00:25:14.355-08:00",
            "description": "",
            "enable_flow_logs": null,
            "fingerprint": null,
            "gateway_address": "10.10.10.1",
            "id": "projects/bachelor-2020/regions/europe-west1/subnetworks/sub-02",
            "ip_cidr_range": "10.10.10.0/24",
            "log_config": [],
            "name": "sub-02",
            "network": "https://www.googleapis.com/compute/v1/projects/bachelor-2020/global/networks/vpc-network",
            "private_ip_google_access": false,
            "project": "bachelor-2020",
            "region": "europe-west1",
            "secondary_ip_range": [
              {
                "ip_cidr_range": "10.10.11.0/24",
                "range_name": "sub-02-secondary-01-pods"
              },
              {
                "ip_cidr_range": "10.10.12.0/24",
                "range_name": "sub-02-secondary-02-services"
              }
            ],
            "self_link": "https://www.googleapis.com/compute/v1/projects/bachelor-2020/regions/europe-west1/subnetworks/sub-02",
            "timeouts": null
          },
          "private": "eyJlMmJmYjczMC1lY2FhLTExZTYtOGY4OC0zNDM2M2JjN2M0YzAiOnsiY3JlYXRlIjozNjAwMDAwMDAwMDAsImRlbGV0ZSI6MzYwMDAwMDAwMDAwLCJ1cGRhdGUiOjM2MDAwMDAwMDAwMH19",
          "dependencies": [
            "module.vpc.module.vpc.google_compute_network.network"
          ]
        }
      ]
    },
    {
      "module": "module.kubernetes-engine",
      "mode": "managed",
      "type": "google_container_cluster",
      "name": "primary",
      "provider": "provider.google",
      "instances": [
        {
          "schema_version": 1,
          "attributes": {
            "additional_zones": [],
            "addons_config": [
              {
                "horizontal_pod_autoscaling": [
                  {
                    "disabled": false
                  }
                ],
                "http_load_balancing": [
                  {
                    "disabled": false
                  }
                ],
                "kubernetes_dashboard": [],
                "network_policy_config": [
                  {
                    "disabled": false
                  }
                ]
              }
            ],
            "authenticator_groups_config": [],
            "cluster_autoscaling": [
              {
                "auto_provisioning_defaults": [],
                "enabled": false,
                "resource_limits": []
              }
            ],
            "cluster_ipv4_cidr": "10.10.11.0/24",
            "default_max_pods_per_node": 110,
            "description": "",
            "enable_binary_authorization": false,
            "enable_intranode_visibility": null,
            "enable_kubernetes_alpha": false,
            "enable_legacy_abac": false,
            "enable_tpu": null,
            "endpoint": "34.77.213.137",
            "id": "projects/bachelor-2020/locations/europe-west1/clusters/deploy-service-cluster",
            "initial_node_count": 0,
            "instance_group_urls": [
              "https://www.googleapis.com/compute/v1/projects/bachelor-2020/zones/europe-west1-b/instanceGroups/gke-deploy-service-clust-default-pool-a94562e5-grp",
              "https://www.googleapis.com/compute/v1/projects/bachelor-2020/zones/europe-west1-b/instanceGroups/gke-deploy-service-c-default-node-poo-c4db46ec-grp"
            ],
            "ip_allocation_policy": [
              {
                "cluster_ipv4_cidr_block": "10.10.11.0/24",
                "cluster_secondary_range_name": "sub-02-secondary-01-pods",
                "create_subnetwork": false,
                "node_ipv4_cidr_block": "",
                "services_ipv4_cidr_block": "10.10.12.0/24",
                "services_secondary_range_name": "sub-02-secondary-02-services",
                "subnetwork_name": "",
                "use_ip_aliases": false
              }
            ],
            "location": "europe-west1",
            "logging_service": "logging.googleapis.com/kubernetes",
            "maintenance_policy": [
              {
                "daily_maintenance_window": [
                  {
                    "duration": "PT4H0M0S",
                    "start_time": "05:00"
                  }
                ]
              }
            ],
            "master_auth": [
              {
                "client_certificate": "",
                "client_certificate_config": [
                  {
                    "issue_client_certificate": false
                  }
                ],
                "client_key": "",
                "cluster_ca_certificate": "LS0tLS1CRUdJTiBDRVJUSUZJQ0FURS0tLS0tCk1JSURERENDQWZTZ0F3SUJBZ0lSQVAvU1lkK25KRnhxL3lwOHZoVDJyK2d3RFFZSktvWklodmNOQVFFTEJRQXcKTHpFdE1Dc0dBMVVFQXhNa1kyRTVNbU01WkRndFpUSTJOaTAwTkdFekxUZzRZelV0TnpVeE5tUXlZemczWldGaApNQjRYRFRJd01ESXlNREEzTWpVMU1sb1hEVEkxTURJeE9EQTRNalUxTWxvd0x6RXRNQ3NHQTFVRUF4TWtZMkU1Ck1tTTVaRGd0WlRJMk5pMDBOR0V6TFRnNFl6VXROelV4Tm1ReVl6ZzNaV0ZoTUlJQklqQU5CZ2txaGtpRzl3MEIKQVFFRkFBT0NBUThBTUlJQkNnS0NBUUVBdXZqQ0x3VUl4azRnZ3hQTVdPSmJzM3YxWnJMVFloYUlkeFVBN1FxZQpmVUYvOGdBMHB4YnFLVnVWQkU0Vm1jcEdoMTdQQzM5R3R3RTRqb0tyd2cyOTlCNHZpUTZEei9TWkJmcTdnVnQxClZETjVXR0VxdHlqeDdlK1BtZTlVWGVRT3BaQmFwcUkwbmdhaWYvVkwvbndDS04vYkdlR0s5bTgvTUFjQzJlakcKN0Q2cHhZbjNrcjFLMzRuKzNmY2IvYUx6V2J2T2JyZGR0ZVEyU24vRk9kR1JyZkFJTEZSZzlBK2xHMHY1WmUyZApCNHhSeFFFZEdVRE1kQk02UzhTMXRvaHlFUGxjVEdtVWNnL0NpWHhqbWlzcjVqT3hGeGtHanpDdi90Q2xaYS9wClNhTjIweDluYkdIUEI4Tld4OXhuZXhBRW1ad3I1b2tRZEZHUkZhMHQ2cWZ1UHdJREFRQUJveU13SVRBT0JnTlYKSFE4QkFmOEVCQU1DQWdRd0R3WURWUjBUQVFIL0JBVXdBd0VCL3pBTkJna3Foa2lHOXcwQkFRc0ZBQU9DQVFFQQpDWUZVUXFWWUsvTy9DdEFHNzFKSUVONm1jbG5mRW9GRHRDeGNLbm1XR1hOekdpS1k4dE1ML0ROSkJCYi9uS1lCCkJxcGFxRUdKei9IckwzdGVWUHFDOU50QlhSRmxFSUtRVzZpNWE2R3FmQXdDcjhtMnNVNVRCL21JdXIwcStkcmIKMXR1TlBSUXdGRVdVYmJIL0NqMGI0SzNNYmRsd3hQeDhscW1VQUUxVU5iMlF4MEYyR2xURXk5Z25ISzhYRVIySwpsMnkwRGZsejM5QmNWVHFaNm9INTM4Rmp6bXI5bHlIUy9EQWxKMDlvaXhYeGFwZ1dKbzZnUHUyd0NqZnJZUkhVCmxzZUZEbjRGbWRuV2k0Z0JucE1Bc2I3Q28rSW5jRlMxV001dVpYMHpOaTRNaSs5ck1lRjdxRDJ1eno3dER4NlgKS28xaUZEYjhHNlpkSDBnRnJ1OURGQT09Ci0tLS0tRU5EIENFUlRJRklDQVRFLS0tLS0K",
                "password": "",
                "username": ""
              }
            ],
            "master_authorized_networks_config": [],
            "master_version": "1.15.9-gke.8",
            "min_master_version": "1.15.9-gke.8",
            "monitoring_service": "monitoring.googleapis.com/kubernetes",
            "name": "deploy-service-cluster",
            "network": "projects/bachelor-2020/global/networks/vpc-network",
            "network_policy": [
              {
                "enabled": true,
                "provider": "CALICO"
              }
            ],
            "node_config": [
              {
                "disk_size_gb": 100,
                "disk_type": "pd-standard",
                "guest_accelerator": [],
                "image_type": "COS",
                "labels": {},
                "local_ssd_count": 0,
                "machine_type": "n1-standard-1",
                "metadata": {
                  "disable-legacy-endpoints": "true"
                },
                "min_cpu_platform": "",
                "oauth_scopes": [
                  "https://www.googleapis.com/auth/logging.write",
                  "https://www.googleapis.com/auth/monitoring"
                ],
                "preemptible": false,
                "sandbox_config": [],
                "service_account": "tf-gke-np-1-service-account@bachelor-2020.iam.gserviceaccount.com",
                "shielded_instance_config": [
                  {
                    "enable_integrity_monitoring": true,
                    "enable_secure_boot": false
                  }
                ],
                "tags": [],
                "taint": [],
                "workload_metadata_config": []
              }
            ],
            "node_locations": [
              "europe-west1-b"
            ],
            "node_pool": [
              {
                "autoscaling": [],
                "initial_node_count": 0,
                "instance_group_urls": [
                  "https://www.googleapis.com/compute/v1/projects/bachelor-2020/zones/europe-west1-b/instanceGroupManagers/gke-deploy-service-clust-default-pool-a94562e5-grp"
                ],
                "management": [
                  {
                    "auto_repair": false,
                    "auto_upgrade": true
                  }
                ],
                "max_pods_per_node": 110,
                "name": "default-pool",
                "name_prefix": "",
                "node_config": [
                  {
                    "disk_size_gb": 100,
                    "disk_type": "pd-standard",
                    "guest_accelerator": [],
                    "image_type": "COS",
                    "labels": {},
                    "local_ssd_count": 0,
                    "machine_type": "n1-standard-1",
                    "metadata": {
                      "disable-legacy-endpoints": "true"
                    },
                    "min_cpu_platform": "",
                    "oauth_scopes": [
                      "https://www.googleapis.com/auth/logging.write",
                      "https://www.googleapis.com/auth/monitoring"
                    ],
                    "preemptible": false,
                    "sandbox_config": [],
                    "service_account": "tf-gke-np-1-service-account@bachelor-2020.iam.gserviceaccount.com",
                    "shielded_instance_config": [
                      {
                        "enable_integrity_monitoring": true,
                        "enable_secure_boot": false
                      }
                    ],
                    "tags": [],
                    "taint": [],
                    "workload_metadata_config": []
                  }
                ],
                "node_count": 0,
                "version": "1.15.9-gke.8"
              },
              {
                "autoscaling": [
                  {
                    "max_node_count": 100,
                    "min_node_count": 1
                  }
                ],
                "initial_node_count": 1,
                "instance_group_urls": [
                  "https://www.googleapis.com/compute/v1/projects/bachelor-2020/zones/europe-west1-b/instanceGroupManagers/gke-deploy-service-c-default-node-poo-c4db46ec-grp"
                ],
                "management": [
                  {
                    "auto_repair": true,
                    "auto_upgrade": true
                  }
                ],
                "max_pods_per_node": 110,
                "name": "default-node-pool",
                "name_prefix": "",
                "node_config": [
                  {
                    "disk_size_gb": 100,
                    "disk_type": "pd-standard",
                    "guest_accelerator": [],
                    "image_type": "COS",
                    "labels": {
                      "cluster_name": "deploy-service-cluster",
                      "node_pool": "default-node-pool"
                    },
                    "local_ssd_count": 0,
                    "machine_type": "n1-standard-2",
                    "metadata": {
                      "cluster_name": "deploy-service-cluster",
                      "disable-legacy-endpoints": "true",
                      "node_pool": "default-node-pool"
                    },
                    "min_cpu_platform": "",
                    "oauth_scopes": [
                      "https://www.googleapis.com/auth/cloud-platform"
                    ],
                    "preemptible": false,
                    "sandbox_config": [],
                    "service_account": "tf-gke-np-1-service-account@bachelor-2020.iam.gserviceaccount.com",
                    "shielded_instance_config": [
                      {
                        "enable_integrity_monitoring": true,
                        "enable_secure_boot": false
                      }
                    ],
                    "tags": [
                      "gke-deploy-service-cluster",
                      "gke-deploy-service-cluster-default-node-pool"
                    ],
                    "taint": [],
                    "workload_metadata_config": []
                  }
                ],
                "node_count": 1,
                "version": "1.15.9-gke.8"
              }
            ],
            "node_version": "1.15.9-gke.8",
            "operation": null,
            "pod_security_policy_config": [],
            "private_cluster_config": [],
            "project": "bachelor-2020",
            "region": null,
            "remove_default_node_pool": false,
            "resource_labels": {},
            "services_ipv4_cidr": "10.10.12.0/24",
            "subnetwork": "projects/bachelor-2020/regions/europe-west1/subnetworks/sub-02",
            "timeouts": {
              "create": "30m",
              "delete": "30m",
              "update": "30m"
            },
            "vertical_pod_autoscaling": [],
            "zone": null
          },
          "private": "eyJlMmJmYjczMC1lY2FhLTExZTYtOGY4OC0zNDM2M2JjN2M0YzAiOnsiY3JlYXRlIjoxODAwMDAwMDAwMDAwLCJkZWxldGUiOjE4MDAwMDAwMDAwMDAsInVwZGF0ZSI6MTgwMDAwMDAwMDAwMH0sInNjaGVtYV92ZXJzaW9uIjoiMSJ9",
          "dependencies": [
            "module.kubernetes-engine.google_service_account.cluster_service_account",
            "module.kubernetes-engine.random_shuffle.available_zones",
            "module.kubernetes-engine.random_string.cluster_service_account_suffix",
            "module.service_accounts.google_service_account.service_accounts",
            "module.vpc.module.subnets.google_compute_subnetwork.subnetwork",
            "module.vpc.module.vpc.google_compute_network.network"
          ]
        }
      ]
    },
    {
      "module": "module.kubernetes-engine",
      "mode": "managed",
      "type": "google_container_node_pool",
      "name": "pools",
      "each": "map",
      "provider": "provider.google",
      "instances": [
        {
          "index_key": "default-node-pool",
          "schema_version": 1,
          "attributes": {
            "autoscaling": [
              {
                "max_node_count": 100,
                "min_node_count": 1
              }
            ],
            "cluster": "deploy-service-cluster",
            "id": "projects/bachelor-2020/locations/europe-west1/clusters/deploy-service-cluster/nodePools/default-node-pool",
            "initial_node_count": 1,
            "instance_group_urls": [
              "https://www.googleapis.com/compute/v1/projects/bachelor-2020/zones/europe-west1-b/instanceGroupManagers/gke-deploy-service-c-default-node-poo-c4db46ec-grp"
            ],
            "location": "europe-west1",
            "management": [
              {
                "auto_repair": true,
                "auto_upgrade": true
              }
            ],
            "max_pods_per_node": 110,
            "name": "default-node-pool",
            "name_prefix": "",
            "node_config": [
              {
                "disk_size_gb": 100,
                "disk_type": "pd-standard",
                "guest_accelerator": [],
                "image_type": "COS",
                "labels": {
                  "cluster_name": "deploy-service-cluster",
                  "node_pool": "default-node-pool"
                },
                "local_ssd_count": 0,
                "machine_type": "n1-standard-2",
                "metadata": {
                  "cluster_name": "deploy-service-cluster",
                  "disable-legacy-endpoints": "true",
                  "node_pool": "default-node-pool"
                },
                "min_cpu_platform": "",
                "oauth_scopes": [
                  "https://www.googleapis.com/auth/cloud-platform"
                ],
                "preemptible": false,
                "sandbox_config": [],
                "service_account": "tf-gke-np-1-service-account@bachelor-2020.iam.gserviceaccount.com",
                "shielded_instance_config": [
                  {
                    "enable_integrity_monitoring": true,
                    "enable_secure_boot": false
                  }
                ],
                "tags": [
                  "gke-deploy-service-cluster",
                  "gke-deploy-service-cluster-default-node-pool"
                ],
                "taint": [],
                "workload_metadata_config": []
              }
            ],
            "node_count": 1,
            "project": "bachelor-2020",
            "region": null,
            "timeouts": {
              "create": "30m",
              "delete": "30m",
              "update": "30m"
            },
            "version": "1.15.9-gke.8",
            "zone": null
          },
          "private": "eyJlMmJmYjczMC1lY2FhLTExZTYtOGY4OC0zNDM2M2JjN2M0YzAiOnsiY3JlYXRlIjoxODAwMDAwMDAwMDAwLCJkZWxldGUiOjE4MDAwMDAwMDAwMDAsInVwZGF0ZSI6MTgwMDAwMDAwMDAwMH0sInNjaGVtYV92ZXJzaW9uIjoiMSJ9",
          "dependencies": [
            "module.kubernetes-engine.google_container_cluster.primary",
            "module.kubernetes-engine.google_service_account.cluster_service_account",
            "module.kubernetes-engine.random_shuffle.available_zones",
            "module.kubernetes-engine.random_string.cluster_service_account_suffix",
            "module.service_accounts.google_service_account.service_accounts",
            "module.vpc.module.subnets.google_compute_subnetwork.subnetwork",
            "module.vpc.module.vpc.google_compute_network.network"
          ]
        }
      ]
    },
    {
      "module": "module.service_accounts",
      "mode": "managed",
      "type": "google_organization_iam_member",
      "name": "billing_user",
      "each": "list",
      "provider": "provider.google",
      "instances": []
    },
    {
      "module": "module.service_accounts",
      "mode": "managed",
      "type": "google_organization_iam_member",
      "name": "organization_viewer",
      "each": "list",
      "provider": "provider.google",
      "instances": []
    },
    {
      "module": "module.service_accounts",
      "mode": "managed",
      "type": "google_organization_iam_member",
      "name": "xpn_admin",
      "each": "list",
      "provider": "provider.google",
      "instances": []
    },
    {
      "module": "module.kubernetes-engine",
      "mode": "managed",
      "type": "google_project_iam_member",
      "name": "cluster_service_account-gcr",
      "each": "list",
      "provider": "provider.google",
      "instances": []
    },
    {
      "module": "module.kubernetes-engine",
      "mode": "managed",
      "type": "google_project_iam_member",
      "name": "cluster_service_account-log_writer",
      "each": "list",
      "provider": "provider.google",
      "instances": [
        {
          "index_key": 0,
          "schema_version": 0,
          "attributes": {
            "etag": "BwWe/aVutJM=",
            "id": "bachelor-2020/roles/logging.logWriter/serviceaccount:tf-gke-deploy-service--qbhl@bachelor-2020.iam.gserviceaccount.com",
            "member": "serviceAccount:tf-gke-deploy-service--qbhl@bachelor-2020.iam.gserviceaccount.com",
            "project": "bachelor-2020",
            "role": "roles/logging.logWriter"
          },
          "private": "bnVsbA==",
          "dependencies": [
            "module.kubernetes-engine.google_service_account.cluster_service_account",
            "module.kubernetes-engine.random_string.cluster_service_account_suffix"
          ]
        }
      ]
    },
    {
      "module": "module.kubernetes-engine",
      "mode": "managed",
      "type": "google_project_iam_member",
      "name": "cluster_service_account-metric_writer",
      "each": "list",
      "provider": "provider.google",
      "instances": [
        {
          "index_key": 0,
          "schema_version": 0,
          "attributes": {
            "etag": "BwWe/aVutJM=",
            "id": "bachelor-2020/roles/monitoring.metricWriter/serviceaccount:tf-gke-deploy-service--qbhl@bachelor-2020.iam.gserviceaccount.com",
            "member": "serviceAccount:tf-gke-deploy-service--qbhl@bachelor-2020.iam.gserviceaccount.com",
            "project": "bachelor-2020",
            "role": "roles/monitoring.metricWriter"
          },
          "private": "bnVsbA==",
          "dependencies": [
            "module.kubernetes-engine.google_project_iam_member.cluster_service_account-log_writer",
            "module.kubernetes-engine.google_service_account.cluster_service_account",
            "module.kubernetes-engine.random_string.cluster_service_account_suffix"
          ]
        }
      ]
    },
    {
      "module": "module.kubernetes-engine",
      "mode": "managed",
      "type": "google_project_iam_member",
      "name": "cluster_service_account-monitoring_viewer",
      "each": "list",
      "provider": "provider.google",
      "instances": [
        {
          "index_key": 0,
          "schema_version": 0,
          "attributes": {
            "etag": "BwWe/aVutJM=",
            "id": "bachelor-2020/roles/monitoring.viewer/serviceaccount:tf-gke-deploy-service--qbhl@bachelor-2020.iam.gserviceaccount.com",
            "member": "serviceAccount:tf-gke-deploy-service--qbhl@bachelor-2020.iam.gserviceaccount.com",
            "project": "bachelor-2020",
            "role": "roles/monitoring.viewer"
          },
          "private": "bnVsbA==",
          "dependencies": [
            "module.kubernetes-engine.google_project_iam_member.cluster_service_account-log_writer",
            "module.kubernetes-engine.google_project_iam_member.cluster_service_account-metric_writer",
            "module.kubernetes-engine.google_service_account.cluster_service_account",
            "module.kubernetes-engine.random_string.cluster_service_account_suffix"
          ]
        }
      ]
    },
    {
      "module": "module.service_accounts",
      "mode": "managed",
      "type": "google_project_iam_member",
      "name": "project-roles",
      "each": "list",
      "provider": "provider.google",
      "instances": [
        {
          "index_key": 0,
          "schema_version": 0,
          "attributes": {
            "etag": "BwWe/aVutJM=",
            "id": "bachelor-2020/roles/storage.objectViewer/serviceaccount:tf-gke-np-1-service-account@bachelor-2020.iam.gserviceaccount.com",
            "member": "serviceAccount:tf-gke-np-1-service-account@bachelor-2020.iam.gserviceaccount.com",
            "project": "bachelor-2020",
            "role": "roles/storage.objectViewer"
          },
          "private": "bnVsbA==",
          "dependencies": [
            "module.service_accounts.google_service_account.service_accounts"
          ]
        }
      ]
    },
    {
      "module": "module.kubernetes-engine",
      "mode": "managed",
      "type": "google_service_account",
      "name": "cluster_service_account",
      "each": "list",
      "provider": "provider.google",
      "instances": [
        {
          "index_key": 0,
          "schema_version": 0,
          "attributes": {
            "account_id": "tf-gke-deploy-service--qbhl",
            "description": "",
            "display_name": "Terraform-managed service account for cluster deploy-service-cluster",
            "email": "tf-gke-deploy-service--qbhl@bachelor-2020.iam.gserviceaccount.com",
            "id": "projects/bachelor-2020/serviceAccounts/tf-gke-deploy-service--qbhl@bachelor-2020.iam.gserviceaccount.com",
            "name": "projects/bachelor-2020/serviceAccounts/tf-gke-deploy-service--qbhl@bachelor-2020.iam.gserviceaccount.com",
            "project": "bachelor-2020",
            "unique_id": "102859546651545014573"
          },
          "private": "bnVsbA==",
          "dependencies": [
            "module.kubernetes-engine.random_string.cluster_service_account_suffix"
          ]
        }
      ]
    },
    {
      "module": "module.service_accounts",
      "mode": "managed",
      "type": "google_service_account",
      "name": "service_accounts",
      "each": "list",
      "provider": "provider.google",
      "instances": [
        {
          "index_key": 0,
          "schema_version": 0,
          "attributes": {
            "account_id": "tf-gke-np-1-service-account",
            "description": "",
            "display_name": "Terraform-managed service account",
            "email": "tf-gke-np-1-service-account@bachelor-2020.iam.gserviceaccount.com",
            "id": "projects/bachelor-2020/serviceAccounts/tf-gke-np-1-service-account@bachelor-2020.iam.gserviceaccount.com",
            "name": "projects/bachelor-2020/serviceAccounts/tf-gke-np-1-service-account@bachelor-2020.iam.gserviceaccount.com",
            "project": "bachelor-2020",
            "unique_id": "108400160745446288513"
          },
          "private": "bnVsbA=="
        }
      ]
    },
    {
      "module": "module.service_accounts",
      "mode": "managed",
      "type": "google_service_account_key",
      "name": "keys",
      "each": "list",
      "provider": "provider.google",
      "instances": []
    },
    {
      "module": "module.kubernetes-engine",
      "mode": "managed",
      "type": "kubernetes_config_map",
      "name": "ip-masq-agent",
      "each": "list",
      "provider": "module.kubernetes-engine.provider.kubernetes",
      "instances": []
    },
    {
      "module": "module.kubernetes-engine",
      "mode": "managed",
      "type": "kubernetes_config_map",
      "name": "kube-dns",
      "each": "list",
      "provider": "module.kubernetes-engine.provider.kubernetes",
      "instances": []
    },
    {
      "module": "module.kubernetes-engine",
      "mode": "managed",
      "type": "kubernetes_config_map",
      "name": "kube-dns-upstream-nameservers-and-stub-domains",
      "each": "list",
      "provider": "module.kubernetes-engine.provider.kubernetes",
      "instances": []
    },
    {
      "module": "module.kubernetes-engine",
      "mode": "managed",
      "type": "kubernetes_config_map",
      "name": "kube-dns-upstream-namservers",
      "each": "list",
      "provider": "module.kubernetes-engine.provider.kubernetes",
      "instances": []
    },
    {
      "mode": "managed",
      "type": "kubernetes_deployment",
      "name": "hello",
      "provider": "provider.kubernetes",
      "instances": [
        {
          "schema_version": 0,
          "attributes": {
            "id": "default/terraform-hello",
            "metadata": [
              {
                "annotations": {},
                "generate_name": "",
                "generation": 1,
                "labels": {
                  "App": "hello"
                },
                "name": "terraform-hello",
                "namespace": "default",
                "resource_version": "2092",
                "self_link": "/apis/apps/v1/namespaces/default/deployments/terraform-hello",
                "uid": "afe120c4-8db9-48af-9ed0-bc638f9df5bd"
              }
            ],
            "spec": [
              {
                "min_ready_seconds": 0,
                "paused": false,
                "progress_deadline_seconds": 600,
                "replicas": 6,
                "revision_history_limit": 10,
                "selector": [
                  {
                    "match_expressions": [],
                    "match_labels": {
                      "App": "hello"
                    }
                  }
                ],
                "strategy": [
                  {
                    "rolling_update": [
                      {
                        "max_surge": "25%",
                        "max_unavailable": "25%"
                      }
                    ],
                    "type": "RollingUpdate"
                  }
                ],
                "template": [
                  {
                    "metadata": [
                      {
                        "annotations": {},
                        "generate_name": "",
                        "generation": 0,
                        "labels": {
                          "App": "hello"
                        },
                        "name": "",
                        "namespace": "",
                        "resource_version": "",
                        "self_link": "",
                        "uid": ""
                      }
                    ],
                    "spec": [
                      {
                        "active_deadline_seconds": 0,
                        "affinity": [],
                        "automount_service_account_token": false,
                        "container": [
                          {
                            "args": [],
                            "command": [],
                            "env": [],
                            "env_from": [],
                            "image": "gcr.io/bachelor-2020/hello-world@sha256:52cd3259e461429ea5123623503920622fad5deb57f44e14167447d1cb1c777b",
                            "image_pull_policy": "IfNotPresent",
                            "lifecycle": [],
                            "liveness_probe": [],
                            "name": "hello",
                            "port": [
                              {
                                "container_port": 8080,
                                "host_ip": "",
                                "host_port": 0,
                                "name": "",
                                "protocol": "TCP"
                              }
                            ],
                            "readiness_probe": [],
                            "resources": [
                              {
                                "limits": [],
                                "requests": []
                              }
                            ],
                            "security_context": [],
                            "stdin": false,
                            "stdin_once": false,
                            "termination_message_path": "/dev/termination-log",
                            "tty": false,
                            "volume_mount": [],
                            "working_dir": ""
                          }
                        ],
                        "dns_config": [],
                        "dns_policy": "ClusterFirst",
                        "host_aliases": [],
                        "host_ipc": false,
                        "host_network": false,
                        "host_pid": false,
                        "hostname": "",
                        "image_pull_secrets": [],
                        "init_container": [],
                        "node_name": "",
                        "node_selector": {},
                        "priority_class_name": "",
                        "restart_policy": "Always",
                        "security_context": [],
                        "service_account_name": "",
                        "share_process_namespace": false,
                        "subdomain": "",
                        "termination_grace_period_seconds": 30,
                        "toleration": [],
                        "volume": []
                      }
                    ]
                  }
                ]
              }
            ],
            "timeouts": null
          },
          "private": "eyJlMmJmYjczMC1lY2FhLTExZTYtOGY4OC0zNDM2M2JjN2M0YzAiOnsiY3JlYXRlIjo2MDAwMDAwMDAwMDAsImRlbGV0ZSI6NjAwMDAwMDAwMDAwLCJ1cGRhdGUiOjYwMDAwMDAwMDAwMH19",
          "dependencies": [
            "module.kubernetes-engine.google_container_cluster.primary",
            "module.kubernetes-engine.google_container_node_pool.pools",
            "module.kubernetes-engine.google_service_account.cluster_service_account",
            "module.kubernetes-engine.null_resource.wait_for_cluster",
            "module.kubernetes-engine.random_shuffle.available_zones",
            "module.kubernetes-engine.random_string.cluster_service_account_suffix",
            "module.service_accounts.google_service_account.service_accounts",
            "module.vpc.module.subnets.google_compute_subnetwork.subnetwork",
            "module.vpc.module.vpc.google_compute_network.network"
          ]
        }
      ]
    },
    {
      "mode": "managed",
      "type": "kubernetes_service",
      "name": "hello-world",
      "each": "list",
      "provider": "provider.kubernetes",
      "instances": []
    },
    {
      "module": "module.vpc.module.routes",
      "mode": "managed",
      "type": "null_resource",
      "name": "delete_default_internet_gateway_routes",
      "each": "list",
      "provider": "provider.null",
      "instances": []
    },
    {
      "module": "module.kubernetes-engine",
      "mode": "managed",
      "type": "null_resource",
      "name": "delete_default_kube_dns_configmap",
      "each": "list",
      "provider": "provider.null",
      "instances": []
    },
    {
      "module": "module.kubernetes-engine",
      "mode": "managed",
      "type": "null_resource",
      "name": "wait_for_cluster",
      "each": "list",
      "provider": "provider.null",
      "instances": [
        {
          "index_key": 0,
          "schema_version": 0,
          "attributes": {
            "id": "3659308201796905780",
            "triggers": {
              "name": "deploy-service-cluster",
              "project_id": "bachelor-2020"
            }
          },
          "dependencies": [
            "module.kubernetes-engine.google_container_cluster.primary",
            "module.kubernetes-engine.google_container_node_pool.pools",
            "module.kubernetes-engine.google_service_account.cluster_service_account",
            "module.kubernetes-engine.random_shuffle.available_zones",
            "module.kubernetes-engine.random_string.cluster_service_account_suffix",
            "module.service_accounts.google_service_account.service_accounts",
            "module.vpc.module.subnets.google_compute_subnetwork.subnetwork",
            "module.vpc.module.vpc.google_compute_network.network"
          ]
        }
      ]
    },
    {
      "module": "module.kubernetes-engine",
      "mode": "managed",
      "type": "random_shuffle",
      "name": "available_zones",
      "provider": "provider.random",
      "instances": [
        {
          "schema_version": 0,
          "attributes": {
            "id": "-",
            "input": [
              "europe-west1-b",
              "europe-west1-c",
              "europe-west1-d"
            ],
            "keepers": null,
            "result": [
              "europe-west1-b",
              "europe-west1-d",
              "europe-west1-c"
            ],
            "result_count": 3,
            "seed": null
          },
          "private": "bnVsbA=="
        }
      ]
    },
    {
      "module": "module.kubernetes-engine",
      "mode": "managed",
      "type": "random_string",
      "name": "cluster_service_account_suffix",
      "provider": "provider.random",
      "instances": [
        {
          "schema_version": 1,
          "attributes": {
            "id": "qbhl",
            "keepers": null,
            "length": 4,
            "lower": true,
            "min_lower": 0,
            "min_numeric": 0,
            "min_special": 0,
            "min_upper": 0,
            "number": true,
            "override_special": null,
            "result": "qbhl",
            "special": false,
            "upper": false
          },
          "private": "eyJzY2hlbWFfdmVyc2lvbiI6IjEifQ=="
        }
      ]
    }
  ]
}
